
Microsoft Visual Studio Solution File, Format Version 12.00
# Visual Studio Version 16
VisualStudioVersion = 16.0.31410.357
MinimumVisualStudioVersion = 10.0.40219.1
Project("{FAE04EC0-301F-11D3-BF4B-00C04F79EFBC}") = "ISSDecontoA", "ISSDecontoA\ISSDecontoA.csproj", "{4534F10F-12A6-4581-9FE2-C7DCA76EA681}"
EndProject
Global
	GlobalSection(SolutionConfigurationPlatforms) = preSolution
		Debug|Any CPU = Debug|Any CPU
		Release|Any CPU = Release|Any CPU
	EndGlobalSection
	GlobalSection(ProjectConfigurationPlatforms) = postSolution
		{4534F10F-12A6-4581-9FE2-C7DCA76EA681}.Debug|Any CPU.ActiveCfg = Debug|Any CPU
		{4534F10F-12A6-4581-9FE2-C7DCA76EA681}.Debug|Any CPU.Build.0 = Debug|Any CPU
		{4534F10F-12A6-4581-9FE2-C7DCA76EA681}.Release|Any CPU.ActiveCfg = Release|Any CPU
		{4534F10F-12A6-4581-9FE2-C7DCA76EA681}.Release|Any CPU.Build.0 = Release|Any CPU
	EndGlobalSection
	GlobalSection(SolutionProperties) = preSolution
		HideSolutionNode = FALSE
	EndGlobalSection
	GlobalSection(ExtensibilityGlobals) = postSolution
		SolutionGuid = {D90A2CB1-D14E-465C-A84A-1DA2345D005D}
	EndGlobalSection
EndGlobal
